
Microsoft Visual Studio Solution File, Format Version 12.00
# Visual Studio 14
VisualStudioVersion = 14.0.25123.0
MinimumVisualStudioVersion = 10.0.40219.1
Project("{FAE04EC0-301F-11D3-BF4B-00C04F79EFBC}") = "AuthenticationServer", "AuthenticationServer\AuthenticationServer.csproj", "{42B49297-E203-4583-A759-921FFFC14E11}"
EndProject
Project("{2150E333-8FDC-42A3-9474-1A3956D46DE8}") = "Tests", "Tests", "{C896CF99-8451-41EB-9AAB-FCB374275882}"
EndProject
Project("{FAE04EC0-301F-11D3-BF4B-00C04F79EFBC}") = "AuthenticationServer.Tests", "AuthenticationServer.Tests\AuthenticationServer.Tests.csproj", "{41913A9C-42A9-42B5-B6AA-70FA8120200D}"
EndProject
Project("{FAE04EC0-301F-11D3-BF4B-00C04F79EFBC}") = "AuthenticationServer.Claims", "AuthenticationServer.Claims\AuthenticationServer.Claims.csproj", "{1EA45165-C7F1-4AF6-B394-EDAC5AAECCF9}"
EndProject
Project("{FAE04EC0-301F-11D3-BF4B-00C04F79EFBC}") = "AuthenticationServer.Claims.Tests", "AuthenticationServer.Claims.Tests\AuthenticationServer.Claims.Tests.csproj", "{CD744703-028A-4D44-95A2-07F22FC71B60}"
EndProject
Project("{FAE04EC0-301F-11D3-BF4B-00C04F79EFBC}") = "AuthenticationServer.Configuration.Tests", "AuthenticationServer.Configuration.Tests\AuthenticationServer.Configuration.Tests.csproj", "{BACA9C64-A8C2-452A-9341-264CC8CB5797}"
EndProject
Project("{FAE04EC0-301F-11D3-BF4B-00C04F79EFBC}") = "AuthenticationServer.Plugins.Infrastructure", "AuthenticationServer.Plugins.Infrastructure\AuthenticationServer.Plugins.Infrastructure.csproj", "{59BDF55C-4C01-4CB6-84F4-A03A1376A4E6}"
EndProject
Project("{FAE04EC0-301F-11D3-BF4B-00C04F79EFBC}") = "AuthenticationServer.Plugins.Infrastructure.Tests", "AuthenticationServer.Plugins.Infrastructure.Tests\AuthenticationServer.Plugins.Infrastructure.Tests.csproj", "{68033B9B-7215-437E-BD37-32708EB0B02B}"
EndProject
Global
	GlobalSection(SolutionConfigurationPlatforms) = preSolution
		Debug|Any CPU = Debug|Any CPU
		Release|Any CPU = Release|Any CPU
	EndGlobalSection
	GlobalSection(ProjectConfigurationPlatforms) = postSolution
		{42B49297-E203-4583-A759-921FFFC14E11}.Debug|Any CPU.ActiveCfg = Debug|Any CPU
		{42B49297-E203-4583-A759-921FFFC14E11}.Debug|Any CPU.Build.0 = Debug|Any CPU
		{42B49297-E203-4583-A759-921FFFC14E11}.Release|Any CPU.ActiveCfg = Release|Any CPU
		{42B49297-E203-4583-A759-921FFFC14E11}.Release|Any CPU.Build.0 = Release|Any CPU
		{41913A9C-42A9-42B5-B6AA-70FA8120200D}.Debug|Any CPU.ActiveCfg = Debug|Any CPU
		{41913A9C-42A9-42B5-B6AA-70FA8120200D}.Debug|Any CPU.Build.0 = Debug|Any CPU
		{41913A9C-42A9-42B5-B6AA-70FA8120200D}.Release|Any CPU.ActiveCfg = Release|Any CPU
		{41913A9C-42A9-42B5-B6AA-70FA8120200D}.Release|Any CPU.Build.0 = Release|Any CPU
		{1EA45165-C7F1-4AF6-B394-EDAC5AAECCF9}.Debug|Any CPU.ActiveCfg = Debug|Any CPU
		{1EA45165-C7F1-4AF6-B394-EDAC5AAECCF9}.Debug|Any CPU.Build.0 = Debug|Any CPU
		{1EA45165-C7F1-4AF6-B394-EDAC5AAECCF9}.Release|Any CPU.ActiveCfg = Release|Any CPU
		{1EA45165-C7F1-4AF6-B394-EDAC5AAECCF9}.Release|Any CPU.Build.0 = Release|Any CPU
		{CD744703-028A-4D44-95A2-07F22FC71B60}.Debug|Any CPU.ActiveCfg = Debug|Any CPU
		{CD744703-028A-4D44-95A2-07F22FC71B60}.Debug|Any CPU.Build.0 = Debug|Any CPU
		{CD744703-028A-4D44-95A2-07F22FC71B60}.Release|Any CPU.ActiveCfg = Release|Any CPU
		{CD744703-028A-4D44-95A2-07F22FC71B60}.Release|Any CPU.Build.0 = Release|Any CPU
		{BACA9C64-A8C2-452A-9341-264CC8CB5797}.Debug|Any CPU.ActiveCfg = Debug|Any CPU
		{BACA9C64-A8C2-452A-9341-264CC8CB5797}.Debug|Any CPU.Build.0 = Debug|Any CPU
		{BACA9C64-A8C2-452A-9341-264CC8CB5797}.Release|Any CPU.ActiveCfg = Release|Any CPU
		{BACA9C64-A8C2-452A-9341-264CC8CB5797}.Release|Any CPU.Build.0 = Release|Any CPU
		{59BDF55C-4C01-4CB6-84F4-A03A1376A4E6}.Debug|Any CPU.ActiveCfg = Debug|Any CPU
		{59BDF55C-4C01-4CB6-84F4-A03A1376A4E6}.Debug|Any CPU.Build.0 = Debug|Any CPU
		{59BDF55C-4C01-4CB6-84F4-A03A1376A4E6}.Release|Any CPU.ActiveCfg = Release|Any CPU
		{59BDF55C-4C01-4CB6-84F4-A03A1376A4E6}.Release|Any CPU.Build.0 = Release|Any CPU
		{68033B9B-7215-437E-BD37-32708EB0B02B}.Debug|Any CPU.ActiveCfg = Debug|Any CPU
		{68033B9B-7215-437E-BD37-32708EB0B02B}.Debug|Any CPU.Build.0 = Debug|Any CPU
		{68033B9B-7215-437E-BD37-32708EB0B02B}.Release|Any CPU.ActiveCfg = Release|Any CPU
		{68033B9B-7215-437E-BD37-32708EB0B02B}.Release|Any CPU.Build.0 = Release|Any CPU
	EndGlobalSection
	GlobalSection(SolutionProperties) = preSolution
		HideSolutionNode = FALSE
	EndGlobalSection
	GlobalSection(NestedProjects) = preSolution
		{41913A9C-42A9-42B5-B6AA-70FA8120200D} = {C896CF99-8451-41EB-9AAB-FCB374275882}
		{CD744703-028A-4D44-95A2-07F22FC71B60} = {C896CF99-8451-41EB-9AAB-FCB374275882}
		{BACA9C64-A8C2-452A-9341-264CC8CB5797} = {C896CF99-8451-41EB-9AAB-FCB374275882}
		{68033B9B-7215-437E-BD37-32708EB0B02B} = {C896CF99-8451-41EB-9AAB-FCB374275882}
	EndGlobalSection
EndGlobal
